// !$*UTF8*$!
{
	archiveVersion = 1;
	classes = {
	};
	objectVersion = 56;
	objects = {

/* Begin PBXBuildFile section */
		9EB22B3F2BA96C2300942ED0 /* EcoSmileApp.swift in Sources */ = {isa = PBXBuildFile; fileRef = 9EB22B3E2BA96C2300942ED0 /* EcoSmileApp.swift */; };
		9EB22B412BA96C2300942ED0 /* ContentView.swift in Sources */ = {isa = PBXBuildFile; fileRef = 9EB22B402BA96C2300942ED0 /* ContentView.swift */; };
		9EB22B432BA96C2400942ED0 /* Assets.xcassets in Resources */ = {isa = PBXBuildFile; fileRef = 9EB22B422BA96C2400942ED0 /* Assets.xcassets */; };
		9EB22B462BA96C2400942ED0 /* Preview Assets.xcassets in Resources */ = {isa = PBXBuildFile; fileRef = 9EB22B452BA96C2400942ED0 /* Preview Assets.xcassets */; };
		9EB22B502BA96C2500942ED0 /* EcoSmileTests.swift in Sources */ = {isa = PBXBuildFile; fileRef = 9EB22B4F2BA96C2500942ED0 /* EcoSmileTests.swift */; };
		9EB22B5A2BA96C2500942ED0 /* EcoSmileUITests.swift in Sources */ = {isa = PBXBuildFile; fileRef = 9EB22B592BA96C2500942ED0 /* EcoSmileUITests.swift */; };
		9EB22B5C2BA96C2500942ED0 /* EcoSmileUITestsLaunchTests.swift in Sources */ = {isa = PBXBuildFile; fileRef = 9EB22B5B2BA96C2500942ED0 /* EcoSmileUITestsLaunchTests.swift */; };
		9EB22B6D2BA99E8900942ED0 /* Networkable.swift in Sources */ = {isa = PBXBuildFile; fileRef = 9EB22B6C2BA99E8900942ED0 /* Networkable.swift */; };
		9EB22B6F2BA99ECF00942ED0 /* EndPoint.swift in Sources */ = {isa = PBXBuildFile; fileRef = 9EB22B6E2BA99ECF00942ED0 /* EndPoint.swift */; };
		9EB22B712BA99EDC00942ED0 /* NetworkError.swift in Sources */ = {isa = PBXBuildFile; fileRef = 9EB22B702BA99EDC00942ED0 /* NetworkError.swift */; };
		9EB22B732BA99EED00942ED0 /* RequestMethod.swift in Sources */ = {isa = PBXBuildFile; fileRef = 9EB22B722BA99EED00942ED0 /* RequestMethod.swift */; };
		9EB22B772BA9A38300942ED0 /* NetworkService.swift in Sources */ = {isa = PBXBuildFile; fileRef = 9EB22B762BA9A38300942ED0 /* NetworkService.swift */; };
		9EB22B792BA9A70D00942ED0 /* PokemonListDTO.swift in Sources */ = {isa = PBXBuildFile; fileRef = 9EB22B782BA9A70D00942ED0 /* PokemonListDTO.swift */; };
		9EB22B7B2BA9A79F00942ED0 /* PokemonDetailDTO.swift in Sources */ = {isa = PBXBuildFile; fileRef = 9EB22B7A2BA9A79F00942ED0 /* PokemonDetailDTO.swift */; };
		9EB22B7E2BA9A95500942ED0 /* APIService.swift in Sources */ = {isa = PBXBuildFile; fileRef = 9EB22B7D2BA9A95500942ED0 /* APIService.swift */; };
		9EB22B802BA9A9FB00942ED0 /* PokemonAPIService.swift in Sources */ = {isa = PBXBuildFile; fileRef = 9EB22B7F2BA9A9FB00942ED0 /* PokemonAPIService.swift */; };
		9EB22B832BA9AFCE00942ED0 /* PokemonsEndpoint.swift in Sources */ = {isa = PBXBuildFile; fileRef = 9EB22B822BA9AFCE00942ED0 /* PokemonsEndpoint.swift */; };
		9EB22B852BA9B66400942ED0 /* BaseEndpoint.swift in Sources */ = {isa = PBXBuildFile; fileRef = 9EB22B842BA9B66400942ED0 /* BaseEndpoint.swift */; };
		9EB22B872BA9B94A00942ED0 /* APIEnvironment.swift in Sources */ = {isa = PBXBuildFile; fileRef = 9EB22B862BA9B94A00942ED0 /* APIEnvironment.swift */; };
		9EB22B892BA9C0DB00942ED0 /* PokemonDetailsEndpoint.swift in Sources */ = {isa = PBXBuildFile; fileRef = 9EB22B882BA9C0DB00942ED0 /* PokemonDetailsEndpoint.swift */; };
		9EB22B8B2BA9C29200942ED0 /* URL+Extensions.swift in Sources */ = {isa = PBXBuildFile; fileRef = 9EB22B8A2BA9C29200942ED0 /* URL+Extensions.swift */; };
		9EB22B8F2BA9D31B00942ED0 /* RepositoryType.swift in Sources */ = {isa = PBXBuildFile; fileRef = 9EB22B8E2BA9D31B00942ED0 /* RepositoryType.swift */; };
		9EB22B922BA9D39100942ED0 /* PokemonListDTO+Mapper.swift in Sources */ = {isa = PBXBuildFile; fileRef = 9EB22B912BA9D39100942ED0 /* PokemonListDTO+Mapper.swift */; };
		9EB22B962BA9D41400942ED0 /* Pokemon.swift in Sources */ = {isa = PBXBuildFile; fileRef = 9EB22B952BA9D41400942ED0 /* Pokemon.swift */; };
		9EB22B982BA9D43200942ED0 /* PokemonDetail.swift in Sources */ = {isa = PBXBuildFile; fileRef = 9EB22B972BA9D43200942ED0 /* PokemonDetail.swift */; };
		9EB22B9A2BA9D51900942ED0 /* PokemonImageBaseURL.swift in Sources */ = {isa = PBXBuildFile; fileRef = 9EB22B992BA9D51900942ED0 /* PokemonImageBaseURL.swift */; };
		9EB22B9C2BA9D5B200942ED0 /* PokemonDetailDTO+Mapper.swift in Sources */ = {isa = PBXBuildFile; fileRef = 9EB22B9B2BA9D5B200942ED0 /* PokemonDetailDTO+Mapper.swift */; };
		9EB22B9E2BA9D68800942ED0 /* PokemonRepository.swift in Sources */ = {isa = PBXBuildFile; fileRef = 9EB22B9D2BA9D68800942ED0 /* PokemonRepository.swift */; };
		9EB22BA12BA9D92600942ED0 /* CustomError.swift in Sources */ = {isa = PBXBuildFile; fileRef = 9EB22BA02BA9D92600942ED0 /* CustomError.swift */; };
		9EB22BA82BA9DA8A00942ED0 /* CardView.swift in Sources */ = {isa = PBXBuildFile; fileRef = 9EB22BA72BA9DA8A00942ED0 /* CardView.swift */; };
		9EB22BAD2BA9DB6000942ED0 /* PokemonCell.swift in Sources */ = {isa = PBXBuildFile; fileRef = 9EB22BAC2BA9DB6000942ED0 /* PokemonCell.swift */; };
		9EB22BAF2BA9DD8F00942ED0 /* UIImage+Extension.swift in Sources */ = {isa = PBXBuildFile; fileRef = 9EB22BAE2BA9DD8F00942ED0 /* UIImage+Extension.swift */; };
		9EB22BB22BA9DE4400942ED0 /* BackgroundColorModifier.swift in Sources */ = {isa = PBXBuildFile; fileRef = 9EB22BB12BA9DE4400942ED0 /* BackgroundColorModifier.swift */; };
		9EB22BB42BA9E14D00942ED0 /* HomeView+ViewModel.swift in Sources */ = {isa = PBXBuildFile; fileRef = 9EB22BB32BA9E14D00942ED0 /* HomeView+ViewModel.swift */; };
		9EB22BB62BA9E16900942ED0 /* HomeView.swift in Sources */ = {isa = PBXBuildFile; fileRef = 9EB22BB52BA9E16900942ED0 /* HomeView.swift */; };
		9EB22BBA2BA9F12300942ED0 /* AbilityView.swift in Sources */ = {isa = PBXBuildFile; fileRef = 9EB22BB92BA9F12300942ED0 /* AbilityView.swift */; };
		9EB22BBC2BA9F1BF00942ED0 /* StatProgressView.swift in Sources */ = {isa = PBXBuildFile; fileRef = 9EB22BBB2BA9F1BF00942ED0 /* StatProgressView.swift */; };
		9EB22BC02BA9F29D00942ED0 /* AbilitiesView.swift in Sources */ = {isa = PBXBuildFile; fileRef = 9EB22BBF2BA9F29D00942ED0 /* AbilitiesView.swift */; };
		9EB22BC22BA9F2F100942ED0 /* StatsView.swift in Sources */ = {isa = PBXBuildFile; fileRef = 9EB22BC12BA9F2F100942ED0 /* StatsView.swift */; };
		9EB22BC42BA9F3D600942ED0 /* DetailView.swift in Sources */ = {isa = PBXBuildFile; fileRef = 9EB22BC32BA9F3D600942ED0 /* DetailView.swift */; };
		9EB22BC62BA9F42F00942ED0 /* HeroImageView.swift in Sources */ = {isa = PBXBuildFile; fileRef = 9EB22BC52BA9F42F00942ED0 /* HeroImageView.swift */; };
		9EB22BC82BA9F4F100942ED0 /* PokemonDetailView.swift in Sources */ = {isa = PBXBuildFile; fileRef = 9EB22BC72BA9F4F100942ED0 /* PokemonDetailView.swift */; };
		9EB22BCA2BA9F53B00942ED0 /* PokemonDetailView+ViewModel.swift in Sources */ = {isa = PBXBuildFile; fileRef = 9EB22BC92BA9F53B00942ED0 /* PokemonDetailView+ViewModel.swift */; };
		9EB22BCC2BA9FD6900942ED0 /* LoadingView.swift in Sources */ = {isa = PBXBuildFile; fileRef = 9EB22BCB2BA9FD6900942ED0 /* LoadingView.swift */; };
		9EB22BCE2BAA010000942ED0 /* APILogger.swift in Sources */ = {isa = PBXBuildFile; fileRef = 9EB22BCD2BAA010000942ED0 /* APILogger.swift */; };
		9EB22BD02BAA054400942ED0 /* CustomEmptyView.swift in Sources */ = {isa = PBXBuildFile; fileRef = 9EB22BCF2BAA054400942ED0 /* CustomEmptyView.swift */; };
		9EB22BD22BAA0A2B00942ED0 /* SamplePokemons.json in Resources */ = {isa = PBXBuildFile; fileRef = 9EB22BD12BAA0A2B00942ED0 /* SamplePokemons.json */; };
		9EB22BD42BAA0AB100942ED0 /* MockPokemonRepository.swift in Sources */ = {isa = PBXBuildFile; fileRef = 9EB22BD32BAA0AB100942ED0 /* MockPokemonRepository.swift */; };
/* End PBXBuildFile section */

/* Begin PBXContainerItemProxy section */
		9EB22B4C2BA96C2500942ED0 /* PBXContainerItemProxy */ = {
			isa = PBXContainerItemProxy;
			containerPortal = 9EB22B332BA96C2300942ED0 /* Project object */;
			proxyType = 1;
			remoteGlobalIDString = 9EB22B3A2BA96C2300942ED0;
			remoteInfo = EcoSmile;
		};
		9EB22B562BA96C2500942ED0 /* PBXContainerItemProxy */ = {
			isa = PBXContainerItemProxy;
			containerPortal = 9EB22B332BA96C2300942ED0 /* Project object */;
			proxyType = 1;
			remoteGlobalIDString = 9EB22B3A2BA96C2300942ED0;
			remoteInfo = EcoSmile;
		};
/* End PBXContainerItemProxy section */

/* Begin PBXFileReference section */
		9EB22B3B2BA96C2300942ED0 /* EcoSmile.app */ = {isa = PBXFileReference; explicitFileType = wrapper.application; includeInIndex = 0; path = EcoSmile.app; sourceTree = BUILT_PRODUCTS_DIR; };
		9EB22B3E2BA96C2300942ED0 /* EcoSmileApp.swift */ = {isa = PBXFileReference; lastKnownFileType = sourcecode.swift; path = EcoSmileApp.swift; sourceTree = "<group>"; };
		9EB22B402BA96C2300942ED0 /* ContentView.swift */ = {isa = PBXFileReference; lastKnownFileType = sourcecode.swift; path = ContentView.swift; sourceTree = "<group>"; };
		9EB22B422BA96C2400942ED0 /* Assets.xcassets */ = {isa = PBXFileReference; lastKnownFileType = folder.assetcatalog; path = Assets.xcassets; sourceTree = "<group>"; };
		9EB22B452BA96C2400942ED0 /* Preview Assets.xcassets */ = {isa = PBXFileReference; lastKnownFileType = folder.assetcatalog; path = "Preview Assets.xcassets"; sourceTree = "<group>"; };
		9EB22B4B2BA96C2500942ED0 /* EcoSmileTests.xctest */ = {isa = PBXFileReference; explicitFileType = wrapper.cfbundle; includeInIndex = 0; path = EcoSmileTests.xctest; sourceTree = BUILT_PRODUCTS_DIR; };
		9EB22B4F2BA96C2500942ED0 /* EcoSmileTests.swift */ = {isa = PBXFileReference; lastKnownFileType = sourcecode.swift; path = EcoSmileTests.swift; sourceTree = "<group>"; };
		9EB22B552BA96C2500942ED0 /* EcoSmileUITests.xctest */ = {isa = PBXFileReference; explicitFileType = wrapper.cfbundle; includeInIndex = 0; path = EcoSmileUITests.xctest; sourceTree = BUILT_PRODUCTS_DIR; };
		9EB22B592BA96C2500942ED0 /* EcoSmileUITests.swift */ = {isa = PBXFileReference; lastKnownFileType = sourcecode.swift; path = EcoSmileUITests.swift; sourceTree = "<group>"; };
		9EB22B5B2BA96C2500942ED0 /* EcoSmileUITestsLaunchTests.swift */ = {isa = PBXFileReference; lastKnownFileType = sourcecode.swift; path = EcoSmileUITestsLaunchTests.swift; sourceTree = "<group>"; };
		9EB22B6C2BA99E8900942ED0 /* Networkable.swift */ = {isa = PBXFileReference; lastKnownFileType = sourcecode.swift; path = Networkable.swift; sourceTree = "<group>"; };
		9EB22B6E2BA99ECF00942ED0 /* EndPoint.swift */ = {isa = PBXFileReference; lastKnownFileType = sourcecode.swift; path = EndPoint.swift; sourceTree = "<group>"; };
		9EB22B702BA99EDC00942ED0 /* NetworkError.swift */ = {isa = PBXFileReference; lastKnownFileType = sourcecode.swift; path = NetworkError.swift; sourceTree = "<group>"; };
		9EB22B722BA99EED00942ED0 /* RequestMethod.swift */ = {isa = PBXFileReference; lastKnownFileType = sourcecode.swift; path = RequestMethod.swift; sourceTree = "<group>"; };
		9EB22B762BA9A38300942ED0 /* NetworkService.swift */ = {isa = PBXFileReference; lastKnownFileType = sourcecode.swift; path = NetworkService.swift; sourceTree = "<group>"; };
		9EB22B782BA9A70D00942ED0 /* PokemonListDTO.swift */ = {isa = PBXFileReference; lastKnownFileType = sourcecode.swift; path = PokemonListDTO.swift; sourceTree = "<group>"; };
		9EB22B7A2BA9A79F00942ED0 /* PokemonDetailDTO.swift */ = {isa = PBXFileReference; lastKnownFileType = sourcecode.swift; path = PokemonDetailDTO.swift; sourceTree = "<group>"; };
		9EB22B7D2BA9A95500942ED0 /* APIService.swift */ = {isa = PBXFileReference; lastKnownFileType = sourcecode.swift; path = APIService.swift; sourceTree = "<group>"; };
		9EB22B7F2BA9A9FB00942ED0 /* PokemonAPIService.swift */ = {isa = PBXFileReference; lastKnownFileType = sourcecode.swift; path = PokemonAPIService.swift; sourceTree = "<group>"; };
		9EB22B822BA9AFCE00942ED0 /* PokemonsEndpoint.swift */ = {isa = PBXFileReference; lastKnownFileType = sourcecode.swift; path = PokemonsEndpoint.swift; sourceTree = "<group>"; };
		9EB22B842BA9B66400942ED0 /* BaseEndpoint.swift */ = {isa = PBXFileReference; lastKnownFileType = sourcecode.swift; path = BaseEndpoint.swift; sourceTree = "<group>"; };
		9EB22B862BA9B94A00942ED0 /* APIEnvironment.swift */ = {isa = PBXFileReference; lastKnownFileType = sourcecode.swift; path = APIEnvironment.swift; sourceTree = "<group>"; };
		9EB22B882BA9C0DB00942ED0 /* PokemonDetailsEndpoint.swift */ = {isa = PBXFileReference; lastKnownFileType = sourcecode.swift; path = PokemonDetailsEndpoint.swift; sourceTree = "<group>"; };
		9EB22B8A2BA9C29200942ED0 /* URL+Extensions.swift */ = {isa = PBXFileReference; lastKnownFileType = sourcecode.swift; path = "URL+Extensions.swift"; sourceTree = "<group>"; };
		9EB22B8E2BA9D31B00942ED0 /* RepositoryType.swift */ = {isa = PBXFileReference; lastKnownFileType = sourcecode.swift; path = RepositoryType.swift; sourceTree = "<group>"; };
		9EB22B912BA9D39100942ED0 /* PokemonListDTO+Mapper.swift */ = {isa = PBXFileReference; lastKnownFileType = sourcecode.swift; path = "PokemonListDTO+Mapper.swift"; sourceTree = "<group>"; };
		9EB22B952BA9D41400942ED0 /* Pokemon.swift */ = {isa = PBXFileReference; lastKnownFileType = sourcecode.swift; path = Pokemon.swift; sourceTree = "<group>"; };
		9EB22B972BA9D43200942ED0 /* PokemonDetail.swift */ = {isa = PBXFileReference; lastKnownFileType = sourcecode.swift; path = PokemonDetail.swift; sourceTree = "<group>"; };
		9EB22B992BA9D51900942ED0 /* PokemonImageBaseURL.swift */ = {isa = PBXFileReference; lastKnownFileType = sourcecode.swift; path = PokemonImageBaseURL.swift; sourceTree = "<group>"; };
		9EB22B9B2BA9D5B200942ED0 /* PokemonDetailDTO+Mapper.swift */ = {isa = PBXFileReference; lastKnownFileType = sourcecode.swift; path = "PokemonDetailDTO+Mapper.swift"; sourceTree = "<group>"; };
		9EB22B9D2BA9D68800942ED0 /* PokemonRepository.swift */ = {isa = PBXFileReference; lastKnownFileType = sourcecode.swift; path = PokemonRepository.swift; sourceTree = "<group>"; };
		9EB22BA02BA9D92600942ED0 /* CustomError.swift */ = {isa = PBXFileReference; lastKnownFileType = sourcecode.swift; path = CustomError.swift; sourceTree = "<group>"; };
		9EB22BA72BA9DA8A00942ED0 /* CardView.swift */ = {isa = PBXFileReference; lastKnownFileType = sourcecode.swift; path = CardView.swift; sourceTree = "<group>"; };
		9EB22BAC2BA9DB6000942ED0 /* PokemonCell.swift */ = {isa = PBXFileReference; lastKnownFileType = sourcecode.swift; path = PokemonCell.swift; sourceTree = "<group>"; };
		9EB22BAE2BA9DD8F00942ED0 /* UIImage+Extension.swift */ = {isa = PBXFileReference; lastKnownFileType = sourcecode.swift; path = "UIImage+Extension.swift"; sourceTree = "<group>"; };
		9EB22BB12BA9DE4400942ED0 /* BackgroundColorModifier.swift */ = {isa = PBXFileReference; lastKnownFileType = sourcecode.swift; path = BackgroundColorModifier.swift; sourceTree = "<group>"; };
		9EB22BB32BA9E14D00942ED0 /* HomeView+ViewModel.swift */ = {isa = PBXFileReference; lastKnownFileType = sourcecode.swift; path = "HomeView+ViewModel.swift"; sourceTree = "<group>"; };
		9EB22BB52BA9E16900942ED0 /* HomeView.swift */ = {isa = PBXFileReference; lastKnownFileType = sourcecode.swift; path = HomeView.swift; sourceTree = "<group>"; };
		9EB22BB92BA9F12300942ED0 /* AbilityView.swift */ = {isa = PBXFileReference; lastKnownFileType = sourcecode.swift; path = AbilityView.swift; sourceTree = "<group>"; };
		9EB22BBB2BA9F1BF00942ED0 /* StatProgressView.swift */ = {isa = PBXFileReference; lastKnownFileType = sourcecode.swift; path = StatProgressView.swift; sourceTree = "<group>"; };
		9EB22BBF2BA9F29D00942ED0 /* AbilitiesView.swift */ = {isa = PBXFileReference; lastKnownFileType = sourcecode.swift; path = AbilitiesView.swift; sourceTree = "<group>"; };
		9EB22BC12BA9F2F100942ED0 /* StatsView.swift */ = {isa = PBXFileReference; lastKnownFileType = sourcecode.swift; path = StatsView.swift; sourceTree = "<group>"; };
		9EB22BC32BA9F3D600942ED0 /* DetailView.swift */ = {isa = PBXFileReference; lastKnownFileType = sourcecode.swift; path = DetailView.swift; sourceTree = "<group>"; };
		9EB22BC52BA9F42F00942ED0 /* HeroImageView.swift */ = {isa = PBXFileReference; lastKnownFileType = sourcecode.swift; path = HeroImageView.swift; sourceTree = "<group>"; };
		9EB22BC72BA9F4F100942ED0 /* PokemonDetailView.swift */ = {isa = PBXFileReference; lastKnownFileType = sourcecode.swift; path = PokemonDetailView.swift; sourceTree = "<group>"; };
		9EB22BC92BA9F53B00942ED0 /* PokemonDetailView+ViewModel.swift */ = {isa = PBXFileReference; lastKnownFileType = sourcecode.swift; path = "PokemonDetailView+ViewModel.swift"; sourceTree = "<group>"; };
		9EB22BCB2BA9FD6900942ED0 /* LoadingView.swift */ = {isa = PBXFileReference; lastKnownFileType = sourcecode.swift; path = LoadingView.swift; sourceTree = "<group>"; };
		9EB22BCD2BAA010000942ED0 /* APILogger.swift */ = {isa = PBXFileReference; lastKnownFileType = sourcecode.swift; path = APILogger.swift; sourceTree = "<group>"; };
		9EB22BCF2BAA054400942ED0 /* CustomEmptyView.swift */ = {isa = PBXFileReference; lastKnownFileType = sourcecode.swift; path = CustomEmptyView.swift; sourceTree = "<group>"; };
		9EB22BD12BAA0A2B00942ED0 /* SamplePokemons.json */ = {isa = PBXFileReference; lastKnownFileType = text.json; path = SamplePokemons.json; sourceTree = "<group>"; };
		9EB22BD32BAA0AB100942ED0 /* MockPokemonRepository.swift */ = {isa = PBXFileReference; lastKnownFileType = sourcecode.swift; path = MockPokemonRepository.swift; sourceTree = "<group>"; };
/* End PBXFileReference section */

/* Begin PBXFrameworksBuildPhase section */
		9EB22B382BA96C2300942ED0 /* Frameworks */ = {
			isa = PBXFrameworksBuildPhase;
			buildActionMask = 2147483647;
			files = (
			);
			runOnlyForDeploymentPostprocessing = 0;
		};
		9EB22B482BA96C2500942ED0 /* Frameworks */ = {
			isa = PBXFrameworksBuildPhase;
			buildActionMask = 2147483647;
			files = (
			);
			runOnlyForDeploymentPostprocessing = 0;
		};
		9EB22B522BA96C2500942ED0 /* Frameworks */ = {
			isa = PBXFrameworksBuildPhase;
			buildActionMask = 2147483647;
			files = (
			);
			runOnlyForDeploymentPostprocessing = 0;
		};
/* End PBXFrameworksBuildPhase section */

/* Begin PBXGroup section */
		9EB22B322BA96C2300942ED0 = {
			isa = PBXGroup;
			children = (
				9EB22B3D2BA96C2300942ED0 /* EcoSmile */,
				9EB22B4E2BA96C2500942ED0 /* EcoSmileTests */,
				9EB22B582BA96C2500942ED0 /* EcoSmileUITests */,
				9EB22B3C2BA96C2300942ED0 /* Products */,
			);
			sourceTree = "<group>";
		};
		9EB22B3C2BA96C2300942ED0 /* Products */ = {
			isa = PBXGroup;
			children = (
				9EB22B3B2BA96C2300942ED0 /* EcoSmile.app */,
				9EB22B4B2BA96C2500942ED0 /* EcoSmileTests.xctest */,
				9EB22B552BA96C2500942ED0 /* EcoSmileUITests.xctest */,
			);
			name = Products;
			sourceTree = "<group>";
		};
		9EB22B3D2BA96C2300942ED0 /* EcoSmile */ = {
			isa = PBXGroup;
			children = (
				9EB22B682BA99DEF00942ED0 /* App */,
				9EB22B6A2BA99E1500942ED0 /* Resources */,
				9EB22B3E2BA96C2300942ED0 /* EcoSmileApp.swift */,
				9EB22B402BA96C2300942ED0 /* ContentView.swift */,
				9EB22B442BA96C2400942ED0 /* Preview Content */,
			);
			path = EcoSmile;
			sourceTree = "<group>";
		};
		9EB22B442BA96C2400942ED0 /* Preview Content */ = {
			isa = PBXGroup;
			children = (
				9EB22B452BA96C2400942ED0 /* Preview Assets.xcassets */,
			);
			path = "Preview Content";
			sourceTree = "<group>";
		};
		9EB22B4E2BA96C2500942ED0 /* EcoSmileTests */ = {
			isa = PBXGroup;
			children = (
				9EB22B4F2BA96C2500942ED0 /* EcoSmileTests.swift */,
			);
			path = EcoSmileTests;
			sourceTree = "<group>";
		};
		9EB22B582BA96C2500942ED0 /* EcoSmileUITests */ = {
			isa = PBXGroup;
			children = (
				9EB22B592BA96C2500942ED0 /* EcoSmileUITests.swift */,
				9EB22B5B2BA96C2500942ED0 /* EcoSmileUITestsLaunchTests.swift */,
			);
			path = EcoSmileUITests;
			sourceTree = "<group>";
		};
		9EB22B682BA99DEF00942ED0 /* App */ = {
			isa = PBXGroup;
			children = (
				9EB22B692BA99DFF00942ED0 /* Core */,
				9EB22B742BA9A36800942ED0 /* Data */,
				9EB22B932BA9D3ED00942ED0 /* Domain */,
				9EB22BA22BA9D94A00942ED0 /* Scenes */,
			);
			path = App;
			sourceTree = "<group>";
		};
		9EB22B692BA99DFF00942ED0 /* Core */ = {
			isa = PBXGroup;
			children = (
				9EB22B6B2BA99E7100942ED0 /* Networking */,
			);
			path = Core;
			sourceTree = "<group>";
		};
		9EB22B6A2BA99E1500942ED0 /* Resources */ = {
			isa = PBXGroup;
			children = (
				9EB22B422BA96C2400942ED0 /* Assets.xcassets */,
				9EB22BD12BAA0A2B00942ED0 /* SamplePokemons.json */,
			);
			path = Resources;
			sourceTree = "<group>";
		};
		9EB22B6B2BA99E7100942ED0 /* Networking */ = {
			isa = PBXGroup;
			children = (
				9EB22B6C2BA99E8900942ED0 /* Networkable.swift */,
				9EB22B6E2BA99ECF00942ED0 /* EndPoint.swift */,
				9EB22B702BA99EDC00942ED0 /* NetworkError.swift */,
				9EB22B722BA99EED00942ED0 /* RequestMethod.swift */,
				9EB22B762BA9A38300942ED0 /* NetworkService.swift */,
			);
			path = Networking;
			sourceTree = "<group>";
		};
		9EB22B742BA9A36800942ED0 /* Data */ = {
			isa = PBXGroup;
			children = (
				9EB22B812BA9AF9000942ED0 /* EndPoints */,
				9EB22B752BA9A37400942ED0 /* DTO */,
				9EB22B7C2BA9A94400942ED0 /* APIService */,
				9EB22B8D2BA9D2EA00942ED0 /* Repository */,
			);
			path = Data;
			sourceTree = "<group>";
		};
		9EB22B752BA9A37400942ED0 /* DTO */ = {
			isa = PBXGroup;
			children = (
				9EB22B782BA9A70D00942ED0 /* PokemonListDTO.swift */,
				9EB22B7A2BA9A79F00942ED0 /* PokemonDetailDTO.swift */,
			);
			path = DTO;
			sourceTree = "<group>";
		};
		9EB22B7C2BA9A94400942ED0 /* APIService */ = {
			isa = PBXGroup;
			children = (
				9EB22B862BA9B94A00942ED0 /* APIEnvironment.swift */,
				9EB22B7D2BA9A95500942ED0 /* APIService.swift */,
				9EB22B7F2BA9A9FB00942ED0 /* PokemonAPIService.swift */,
				9EB22BCD2BAA010000942ED0 /* APILogger.swift */,
			);
			path = APIService;
			sourceTree = "<group>";
		};
		9EB22B812BA9AF9000942ED0 /* EndPoints */ = {
			isa = PBXGroup;
			children = (
				9EB22B8C2BA9C40A00942ED0 /* Base */,
				9EB22B822BA9AFCE00942ED0 /* PokemonsEndpoint.swift */,
				9EB22B882BA9C0DB00942ED0 /* PokemonDetailsEndpoint.swift */,
			);
			path = EndPoints;
			sourceTree = "<group>";
		};
		9EB22B8C2BA9C40A00942ED0 /* Base */ = {
			isa = PBXGroup;
			children = (
				9EB22B842BA9B66400942ED0 /* BaseEndpoint.swift */,
				9EB22B8A2BA9C29200942ED0 /* URL+Extensions.swift */,
			);
			path = Base;
			sourceTree = "<group>";
		};
		9EB22B8D2BA9D2EA00942ED0 /* Repository */ = {
			isa = PBXGroup;
			children = (
				9EB22B902BA9D37500942ED0 /* DataMapper */,
				9EB22B8E2BA9D31B00942ED0 /* RepositoryType.swift */,
				9EB22B9D2BA9D68800942ED0 /* PokemonRepository.swift */,
				9EB22BD32BAA0AB100942ED0 /* MockPokemonRepository.swift */,
			);
			path = Repository;
			sourceTree = "<group>";
		};
		9EB22B902BA9D37500942ED0 /* DataMapper */ = {
			isa = PBXGroup;
			children = (
				9EB22B912BA9D39100942ED0 /* PokemonListDTO+Mapper.swift */,
				9EB22B9B2BA9D5B200942ED0 /* PokemonDetailDTO+Mapper.swift */,
				9EB22B992BA9D51900942ED0 /* PokemonImageBaseURL.swift */,
			);
			path = DataMapper;
			sourceTree = "<group>";
		};
		9EB22B932BA9D3ED00942ED0 /* Domain */ = {
			isa = PBXGroup;
			children = (
				9EB22B9F2BA9D91600942ED0 /* Error */,
				9EB22B942BA9D3FE00942ED0 /* Entities */,
			);
			path = Domain;
			sourceTree = "<group>";
		};
		9EB22B942BA9D3FE00942ED0 /* Entities */ = {
			isa = PBXGroup;
			children = (
				9EB22B952BA9D41400942ED0 /* Pokemon.swift */,
				9EB22B972BA9D43200942ED0 /* PokemonDetail.swift */,
			);
			path = Entities;
			sourceTree = "<group>";
		};
		9EB22B9F2BA9D91600942ED0 /* Error */ = {
			isa = PBXGroup;
			children = (
				9EB22BA02BA9D92600942ED0 /* CustomError.swift */,
			);
			path = Error;
			sourceTree = "<group>";
		};
		9EB22BA22BA9D94A00942ED0 /* Scenes */ = {
			isa = PBXGroup;
			children = (
				9EB22BA62BA9D9EF00942ED0 /* Components */,
				9EB22BA32BA9D95A00942ED0 /* PokemonScene */,
			);
			path = Scenes;
			sourceTree = "<group>";
		};
		9EB22BA32BA9D95A00942ED0 /* PokemonScene */ = {
			isa = PBXGroup;
			children = (
				9EB22BA42BA9D97600942ED0 /* Home */,
				9EB22BA52BA9D98900942ED0 /* Detail */,
			);
			path = PokemonScene;
			sourceTree = "<group>";
		};
		9EB22BA42BA9D97600942ED0 /* Home */ = {
			isa = PBXGroup;
			children = (
				9EB22BAA2BA9DB1800942ED0 /* ViewModel */,
				9EB22BA92BA9DAF700942ED0 /* View */,
			);
			path = Home;
			sourceTree = "<group>";
		};
		9EB22BA52BA9D98900942ED0 /* Detail */ = {
			isa = PBXGroup;
			children = (
				9EB22BB82BA9F0D000942ED0 /* ViewModel */,
				9EB22BB72BA9F0C500942ED0 /* View */,
			);
			path = Detail;
			sourceTree = "<group>";
		};
		9EB22BA62BA9D9EF00942ED0 /* Components */ = {
			isa = PBXGroup;
			children = (
				9EB22BB02BA9DE2400942ED0 /* Modifiers */,
				9EB22BA72BA9DA8A00942ED0 /* CardView.swift */,
				9EB22BAE2BA9DD8F00942ED0 /* UIImage+Extension.swift */,
				9EB22BCB2BA9FD6900942ED0 /* LoadingView.swift */,
				9EB22BCF2BAA054400942ED0 /* CustomEmptyView.swift */,
			);
			path = Components;
			sourceTree = "<group>";
		};
		9EB22BA92BA9DAF700942ED0 /* View */ = {
			isa = PBXGroup;
			children = (
				9EB22BAB2BA9DB3600942ED0 /* Cell */,
				9EB22BB52BA9E16900942ED0 /* HomeView.swift */,
			);
			path = View;
			sourceTree = "<group>";
		};
		9EB22BAA2BA9DB1800942ED0 /* ViewModel */ = {
			isa = PBXGroup;
			children = (
				9EB22BB32BA9E14D00942ED0 /* HomeView+ViewModel.swift */,
			);
			path = ViewModel;
			sourceTree = "<group>";
		};
		9EB22BAB2BA9DB3600942ED0 /* Cell */ = {
			isa = PBXGroup;
			children = (
				9EB22BAC2BA9DB6000942ED0 /* PokemonCell.swift */,
			);
			path = Cell;
			sourceTree = "<group>";
		};
		9EB22BB02BA9DE2400942ED0 /* Modifiers */ = {
			isa = PBXGroup;
			children = (
				9EB22BB12BA9DE4400942ED0 /* BackgroundColorModifier.swift */,
			);
			path = Modifiers;
			sourceTree = "<group>";
		};
		9EB22BB72BA9F0C500942ED0 /* View */ = {
			isa = PBXGroup;
			children = (
				9EB22BBD2BA9F21F00942ED0 /* Cell */,
				9EB22BC72BA9F4F100942ED0 /* PokemonDetailView.swift */,
			);
			path = View;
			sourceTree = "<group>";
		};
		9EB22BB82BA9F0D000942ED0 /* ViewModel */ = {
			isa = PBXGroup;
			children = (
				9EB22BC92BA9F53B00942ED0 /* PokemonDetailView+ViewModel.swift */,
			);
			path = ViewModel;
			sourceTree = "<group>";
		};
		9EB22BBD2BA9F21F00942ED0 /* Cell */ = {
			isa = PBXGroup;
			children = (
				9EB22BBE2BA9F28600942ED0 /* Items */,
				9EB22BBF2BA9F29D00942ED0 /* AbilitiesView.swift */,
				9EB22BC12BA9F2F100942ED0 /* StatsView.swift */,
				9EB22BC32BA9F3D600942ED0 /* DetailView.swift */,
				9EB22BC52BA9F42F00942ED0 /* HeroImageView.swift */,
			);
			path = Cell;
			sourceTree = "<group>";
		};
		9EB22BBE2BA9F28600942ED0 /* Items */ = {
			isa = PBXGroup;
			children = (
				9EB22BB92BA9F12300942ED0 /* AbilityView.swift */,
				9EB22BBB2BA9F1BF00942ED0 /* StatProgressView.swift */,
			);
			path = Items;
			sourceTree = "<group>";
		};
/* End PBXGroup section */

/* Begin PBXNativeTarget section */
		9EB22B3A2BA96C2300942ED0 /* EcoSmile */ = {
			isa = PBXNativeTarget;
			buildConfigurationList = 9EB22B5F2BA96C2500942ED0 /* Build configuration list for PBXNativeTarget "EcoSmile" */;
			buildPhases = (
				9EB22B372BA96C2300942ED0 /* Sources */,
				9EB22B382BA96C2300942ED0 /* Frameworks */,
				9EB22B392BA96C2300942ED0 /* Resources */,
			);
			buildRules = (
			);
			dependencies = (
			);
			name = EcoSmile;
			productName = EcoSmile;
			productReference = 9EB22B3B2BA96C2300942ED0 /* EcoSmile.app */;
			productType = "com.apple.product-type.application";
		};
		9EB22B4A2BA96C2500942ED0 /* EcoSmileTests */ = {
			isa = PBXNativeTarget;
			buildConfigurationList = 9EB22B622BA96C2500942ED0 /* Build configuration list for PBXNativeTarget "EcoSmileTests" */;
			buildPhases = (
				9EB22B472BA96C2500942ED0 /* Sources */,
				9EB22B482BA96C2500942ED0 /* Frameworks */,
				9EB22B492BA96C2500942ED0 /* Resources */,
			);
			buildRules = (
			);
			dependencies = (
				9EB22B4D2BA96C2500942ED0 /* PBXTargetDependency */,
			);
			name = EcoSmileTests;
			productName = EcoSmileTests;
			productReference = 9EB22B4B2BA96C2500942ED0 /* EcoSmileTests.xctest */;
			productType = "com.apple.product-type.bundle.unit-test";
		};
		9EB22B542BA96C2500942ED0 /* EcoSmileUITests */ = {
			isa = PBXNativeTarget;
			buildConfigurationList = 9EB22B652BA96C2500942ED0 /* Build configuration list for PBXNativeTarget "EcoSmileUITests" */;
			buildPhases = (
				9EB22B512BA96C2500942ED0 /* Sources */,
				9EB22B522BA96C2500942ED0 /* Frameworks */,
				9EB22B532BA96C2500942ED0 /* Resources */,
			);
			buildRules = (
			);
			dependencies = (
				9EB22B572BA96C2500942ED0 /* PBXTargetDependency */,
			);
			name = EcoSmileUITests;
			productName = EcoSmileUITests;
			productReference = 9EB22B552BA96C2500942ED0 /* EcoSmileUITests.xctest */;
			productType = "com.apple.product-type.bundle.ui-testing";
		};
/* End PBXNativeTarget section */

/* Begin PBXProject section */
		9EB22B332BA96C2300942ED0 /* Project object */ = {
			isa = PBXProject;
			attributes = {
				BuildIndependentTargetsInParallel = 1;
				LastSwiftUpdateCheck = 1500;
				LastUpgradeCheck = 1500;
				TargetAttributes = {
					9EB22B3A2BA96C2300942ED0 = {
						CreatedOnToolsVersion = 15.0.1;
					};
					9EB22B4A2BA96C2500942ED0 = {
						CreatedOnToolsVersion = 15.0.1;
						TestTargetID = 9EB22B3A2BA96C2300942ED0;
					};
					9EB22B542BA96C2500942ED0 = {
						CreatedOnToolsVersion = 15.0.1;
						TestTargetID = 9EB22B3A2BA96C2300942ED0;
					};
				};
			};
			buildConfigurationList = 9EB22B362BA96C2300942ED0 /* Build configuration list for PBXProject "EcoSmile" */;
			compatibilityVersion = "Xcode 14.0";
			developmentRegion = en;
			hasScannedForEncodings = 0;
			knownRegions = (
				en,
				Base,
			);
			mainGroup = 9EB22B322BA96C2300942ED0;
			productRefGroup = 9EB22B3C2BA96C2300942ED0 /* Products */;
			projectDirPath = "";
			projectRoot = "";
			targets = (
				9EB22B3A2BA96C2300942ED0 /* EcoSmile */,
				9EB22B4A2BA96C2500942ED0 /* EcoSmileTests */,
				9EB22B542BA96C2500942ED0 /* EcoSmileUITests */,
			);
		};
/* End PBXProject section */

/* Begin PBXResourcesBuildPhase section */
		9EB22B392BA96C2300942ED0 /* Resources */ = {
			isa = PBXResourcesBuildPhase;
			buildActionMask = 2147483647;
			files = (
				9EB22B462BA96C2400942ED0 /* Preview Assets.xcassets in Resources */,
				9EB22B432BA96C2400942ED0 /* Assets.xcassets in Resources */,
				9EB22BD22BAA0A2B00942ED0 /* SamplePokemons.json in Resources */,
			);
			runOnlyForDeploymentPostprocessing = 0;
		};
		9EB22B492BA96C2500942ED0 /* Resources */ = {
			isa = PBXResourcesBuildPhase;
			buildActionMask = 2147483647;
			files = (
			);
			runOnlyForDeploymentPostprocessing = 0;
		};
		9EB22B532BA96C2500942ED0 /* Resources */ = {
			isa = PBXResourcesBuildPhase;
			buildActionMask = 2147483647;
			files = (
			);
			runOnlyForDeploymentPostprocessing = 0;
		};
/* End PBXResourcesBuildPhase section */

/* Begin PBXSourcesBuildPhase section */
		9EB22B372BA96C2300942ED0 /* Sources */ = {
			isa = PBXSourcesBuildPhase;
			buildActionMask = 2147483647;
			files = (
				9EB22B412BA96C2300942ED0 /* ContentView.swift in Sources */,
				9EB22B9E2BA9D68800942ED0 /* PokemonRepository.swift in Sources */,
				9EB22BCA2BA9F53B00942ED0 /* PokemonDetailView+ViewModel.swift in Sources */,
				9EB22B6D2BA99E8900942ED0 /* Networkable.swift in Sources */,
				9EB22BC42BA9F3D600942ED0 /* DetailView.swift in Sources */,
				9EB22BB62BA9E16900942ED0 /* HomeView.swift in Sources */,
				9EB22BAD2BA9DB6000942ED0 /* PokemonCell.swift in Sources */,
				9EB22BBA2BA9F12300942ED0 /* AbilityView.swift in Sources */,
				9EB22B982BA9D43200942ED0 /* PokemonDetail.swift in Sources */,
				9EB22B872BA9B94A00942ED0 /* APIEnvironment.swift in Sources */,
				9EB22B892BA9C0DB00942ED0 /* PokemonDetailsEndpoint.swift in Sources */,
				9EB22BCC2BA9FD6900942ED0 /* LoadingView.swift in Sources */,
				9EB22B832BA9AFCE00942ED0 /* PokemonsEndpoint.swift in Sources */,
				9EB22BA82BA9DA8A00942ED0 /* CardView.swift in Sources */,
				9EB22B962BA9D41400942ED0 /* Pokemon.swift in Sources */,
				9EB22BC22BA9F2F100942ED0 /* StatsView.swift in Sources */,
				9EB22B852BA9B66400942ED0 /* BaseEndpoint.swift in Sources */,
				9EB22B6F2BA99ECF00942ED0 /* EndPoint.swift in Sources */,
				9EB22B9C2BA9D5B200942ED0 /* PokemonDetailDTO+Mapper.swift in Sources */,
				9EB22B9A2BA9D51900942ED0 /* PokemonImageBaseURL.swift in Sources */,
				9EB22BCE2BAA010000942ED0 /* APILogger.swift in Sources */,
				9EB22BC02BA9F29D00942ED0 /* AbilitiesView.swift in Sources */,
				9EB22B792BA9A70D00942ED0 /* PokemonListDTO.swift in Sources */,
				9EB22B8F2BA9D31B00942ED0 /* RepositoryType.swift in Sources */,
				9EB22B3F2BA96C2300942ED0 /* EcoSmileApp.swift in Sources */,
				9EB22BB42BA9E14D00942ED0 /* HomeView+ViewModel.swift in Sources */,
				9EB22BD02BAA054400942ED0 /* CustomEmptyView.swift in Sources */,
				9EB22B7E2BA9A95500942ED0 /* APIService.swift in Sources */,
				9EB22B732BA99EED00942ED0 /* RequestMethod.swift in Sources */,
				9EB22BD42BAA0AB100942ED0 /* MockPokemonRepository.swift in Sources */,
				9EB22BA12BA9D92600942ED0 /* CustomError.swift in Sources */,
				9EB22BC62BA9F42F00942ED0 /* HeroImageView.swift in Sources */,
				9EB22B802BA9A9FB00942ED0 /* PokemonAPIService.swift in Sources */,
				9EB22BC82BA9F4F100942ED0 /* PokemonDetailView.swift in Sources */,
				9EB22BAF2BA9DD8F00942ED0 /* UIImage+Extension.swift in Sources */,
				9EB22BB22BA9DE4400942ED0 /* BackgroundColorModifier.swift in Sources */,
				9EB22B712BA99EDC00942ED0 /* NetworkError.swift in Sources */,
				9EB22B8B2BA9C29200942ED0 /* URL+Extensions.swift in Sources */,
				9EB22B7B2BA9A79F00942ED0 /* PokemonDetailDTO.swift in Sources */,
				9EB22BBC2BA9F1BF00942ED0 /* StatProgressView.swift in Sources */,
				9EB22B922BA9D39100942ED0 /* PokemonListDTO+Mapper.swift in Sources */,
				9EB22B772BA9A38300942ED0 /* NetworkService.swift in Sources */,
			);
			runOnlyForDeploymentPostprocessing = 0;
		};
		9EB22B472BA96C2500942ED0 /* Sources */ = {
			isa = PBXSourcesBuildPhase;
			buildActionMask = 2147483647;
			files = (
				9EB22B502BA96C2500942ED0 /* EcoSmileTests.swift in Sources */,
			);
			runOnlyForDeploymentPostprocessing = 0;
		};
		9EB22B512BA96C2500942ED0 /* Sources */ = {
			isa = PBXSourcesBuildPhase;
			buildActionMask = 2147483647;
			files = (
				9EB22B5C2BA96C2500942ED0 /* EcoSmileUITestsLaunchTests.swift in Sources */,
				9EB22B5A2BA96C2500942ED0 /* EcoSmileUITests.swift in Sources */,
			);
			runOnlyForDeploymentPostprocessing = 0;
		};
/* End PBXSourcesBuildPhase section */

/* Begin PBXTargetDependency section */
		9EB22B4D2BA96C2500942ED0 /* PBXTargetDependency */ = {
			isa = PBXTargetDependency;
			target = 9EB22B3A2BA96C2300942ED0 /* EcoSmile */;
			targetProxy = 9EB22B4C2BA96C2500942ED0 /* PBXContainerItemProxy */;
		};
		9EB22B572BA96C2500942ED0 /* PBXTargetDependency */ = {
			isa = PBXTargetDependency;
			target = 9EB22B3A2BA96C2300942ED0 /* EcoSmile */;
			targetProxy = 9EB22B562BA96C2500942ED0 /* PBXContainerItemProxy */;
		};
/* End PBXTargetDependency section */

/* Begin XCBuildConfiguration section */
		9EB22B5D2BA96C2500942ED0 /* Debug */ = {
			isa = XCBuildConfiguration;
			buildSettings = {
				ALWAYS_SEARCH_USER_PATHS = NO;
				ASSETCATALOG_COMPILER_GENERATE_SWIFT_ASSET_SYMBOL_EXTENSIONS = YES;
				CLANG_ANALYZER_NONNULL = YES;
				CLANG_ANALYZER_NUMBER_OBJECT_CONVERSION = YES_AGGRESSIVE;
				CLANG_CXX_LANGUAGE_STANDARD = "gnu++20";
				CLANG_ENABLE_MODULES = YES;
				CLANG_ENABLE_OBJC_ARC = YES;
				CLANG_ENABLE_OBJC_WEAK = YES;
				CLANG_WARN_BLOCK_CAPTURE_AUTORELEASING = YES;
				CLANG_WARN_BOOL_CONVERSION = YES;
				CLANG_WARN_COMMA = YES;
				CLANG_WARN_CONSTANT_CONVERSION = YES;
				CLANG_WARN_DEPRECATED_OBJC_IMPLEMENTATIONS = YES;
				CLANG_WARN_DIRECT_OBJC_ISA_USAGE = YES_ERROR;
				CLANG_WARN_DOCUMENTATION_COMMENTS = YES;
				CLANG_WARN_EMPTY_BODY = YES;
				CLANG_WARN_ENUM_CONVERSION = YES;
				CLANG_WARN_INFINITE_RECURSION = YES;
				CLANG_WARN_INT_CONVERSION = YES;
				CLANG_WARN_NON_LITERAL_NULL_CONVERSION = YES;
				CLANG_WARN_OBJC_IMPLICIT_RETAIN_SELF = YES;
				CLANG_WARN_OBJC_LITERAL_CONVERSION = YES;
				CLANG_WARN_OBJC_ROOT_CLASS = YES_ERROR;
				CLANG_WARN_QUOTED_INCLUDE_IN_FRAMEWORK_HEADER = YES;
				CLANG_WARN_RANGE_LOOP_ANALYSIS = YES;
				CLANG_WARN_STRICT_PROTOTYPES = YES;
				CLANG_WARN_SUSPICIOUS_MOVE = YES;
				CLANG_WARN_UNGUARDED_AVAILABILITY = YES_AGGRESSIVE;
				CLANG_WARN_UNREACHABLE_CODE = YES;
				CLANG_WARN__DUPLICATE_METHOD_MATCH = YES;
				COPY_PHASE_STRIP = NO;
				DEBUG_INFORMATION_FORMAT = dwarf;
				ENABLE_STRICT_OBJC_MSGSEND = YES;
				ENABLE_TESTABILITY = YES;
				ENABLE_USER_SCRIPT_SANDBOXING = YES;
				GCC_C_LANGUAGE_STANDARD = gnu17;
				GCC_DYNAMIC_NO_PIC = NO;
				GCC_NO_COMMON_BLOCKS = YES;
				GCC_OPTIMIZATION_LEVEL = 0;
				GCC_PREPROCESSOR_DEFINITIONS = (
					"DEBUG=1",
					"$(inherited)",
				);
				GCC_WARN_64_TO_32_BIT_CONVERSION = YES;
				GCC_WARN_ABOUT_RETURN_TYPE = YES_ERROR;
				GCC_WARN_UNDECLARED_SELECTOR = YES;
				GCC_WARN_UNINITIALIZED_AUTOS = YES_AGGRESSIVE;
				GCC_WARN_UNUSED_FUNCTION = YES;
				GCC_WARN_UNUSED_VARIABLE = YES;
				IPHONEOS_DEPLOYMENT_TARGET = 17.0;
				LOCALIZATION_PREFERS_STRING_CATALOGS = YES;
				MTL_ENABLE_DEBUG_INFO = INCLUDE_SOURCE;
				MTL_FAST_MATH = YES;
				ONLY_ACTIVE_ARCH = YES;
				SDKROOT = iphoneos;
				SWIFT_ACTIVE_COMPILATION_CONDITIONS = "DEBUG $(inherited)";
				SWIFT_OPTIMIZATION_LEVEL = "-Onone";
			};
			name = Debug;
		};
		9EB22B5E2BA96C2500942ED0 /* Release */ = {
			isa = XCBuildConfiguration;
			buildSettings = {
				ALWAYS_SEARCH_USER_PATHS = NO;
				ASSETCATALOG_COMPILER_GENERATE_SWIFT_ASSET_SYMBOL_EXTENSIONS = YES;
				CLANG_ANALYZER_NONNULL = YES;
				CLANG_ANALYZER_NUMBER_OBJECT_CONVERSION = YES_AGGRESSIVE;
				CLANG_CXX_LANGUAGE_STANDARD = "gnu++20";
				CLANG_ENABLE_MODULES = YES;
				CLANG_ENABLE_OBJC_ARC = YES;
				CLANG_ENABLE_OBJC_WEAK = YES;
				CLANG_WARN_BLOCK_CAPTURE_AUTORELEASING = YES;
				CLANG_WARN_BOOL_CONVERSION = YES;
				CLANG_WARN_COMMA = YES;
				CLANG_WARN_CONSTANT_CONVERSION = YES;
				CLANG_WARN_DEPRECATED_OBJC_IMPLEMENTATIONS = YES;
				CLANG_WARN_DIRECT_OBJC_ISA_USAGE = YES_ERROR;
				CLANG_WARN_DOCUMENTATION_COMMENTS = YES;
				CLANG_WARN_EMPTY_BODY = YES;
				CLANG_WARN_ENUM_CONVERSION = YES;
				CLANG_WARN_INFINITE_RECURSION = YES;
				CLANG_WARN_INT_CONVERSION = YES;
				CLANG_WARN_NON_LITERAL_NULL_CONVERSION = YES;
				CLANG_WARN_OBJC_IMPLICIT_RETAIN_SELF = YES;
				CLANG_WARN_OBJC_LITERAL_CONVERSION = YES;
				CLANG_WARN_OBJC_ROOT_CLASS = YES_ERROR;
				CLANG_WARN_QUOTED_INCLUDE_IN_FRAMEWORK_HEADER = YES;
				CLANG_WARN_RANGE_LOOP_ANALYSIS = YES;
				CLANG_WARN_STRICT_PROTOTYPES = YES;
				CLANG_WARN_SUSPICIOUS_MOVE = YES;
				CLANG_WARN_UNGUARDED_AVAILABILITY = YES_AGGRESSIVE;
				CLANG_WARN_UNREACHABLE_CODE = YES;
				CLANG_WARN__DUPLICATE_METHOD_MATCH = YES;
				COPY_PHASE_STRIP = NO;
				DEBUG_INFORMATION_FORMAT = "dwarf-with-dsym";
				ENABLE_NS_ASSERTIONS = NO;
				ENABLE_STRICT_OBJC_MSGSEND = YES;
				ENABLE_USER_SCRIPT_SANDBOXING = YES;
				GCC_C_LANGUAGE_STANDARD = gnu17;
				GCC_NO_COMMON_BLOCKS = YES;
				GCC_WARN_64_TO_32_BIT_CONVERSION = YES;
				GCC_WARN_ABOUT_RETURN_TYPE = YES_ERROR;
				GCC_WARN_UNDECLARED_SELECTOR = YES;
				GCC_WARN_UNINITIALIZED_AUTOS = YES_AGGRESSIVE;
				GCC_WARN_UNUSED_FUNCTION = YES;
				GCC_WARN_UNUSED_VARIABLE = YES;
				IPHONEOS_DEPLOYMENT_TARGET = 17.0;
				LOCALIZATION_PREFERS_STRING_CATALOGS = YES;
				MTL_ENABLE_DEBUG_INFO = NO;
				MTL_FAST_MATH = YES;
				SDKROOT = iphoneos;
				SWIFT_COMPILATION_MODE = wholemodule;
				VALIDATE_PRODUCT = YES;
			};
			name = Release;
		};
		9EB22B602BA96C2500942ED0 /* Debug */ = {
			isa = XCBuildConfiguration;
			buildSettings = {
				ASSETCATALOG_COMPILER_APPICON_NAME = AppIcon;
				ASSETCATALOG_COMPILER_GLOBAL_ACCENT_COLOR_NAME = AccentColor;
				CODE_SIGN_STYLE = Automatic;
				CURRENT_PROJECT_VERSION = 1;
				DEVELOPMENT_ASSET_PATHS = "\"EcoSmile/Preview Content\"";
				ENABLE_PREVIEWS = YES;
				GENERATE_INFOPLIST_FILE = YES;
				INFOPLIST_KEY_UIApplicationSceneManifest_Generation = YES;
				INFOPLIST_KEY_UIApplicationSupportsIndirectInputEvents = YES;
				INFOPLIST_KEY_UILaunchScreen_Generation = YES;
				INFOPLIST_KEY_UISupportedInterfaceOrientations_iPad = "UIInterfaceOrientationPortrait UIInterfaceOrientationPortraitUpsideDown UIInterfaceOrientationLandscapeLeft UIInterfaceOrientationLandscapeRight";
				INFOPLIST_KEY_UISupportedInterfaceOrientations_iPhone = "UIInterfaceOrientationPortrait UIInterfaceOrientationLandscapeLeft UIInterfaceOrientationLandscapeRight";
				LD_RUNPATH_SEARCH_PATHS = (
					"$(inherited)",
					"@executable_path/Frameworks",
				);
				MARKETING_VERSION = 1.0;
				PRODUCT_BUNDLE_IDENTIFIER = com.shirleykyeyune.EcoSmile;
				PRODUCT_NAME = "$(TARGET_NAME)";
				SWIFT_EMIT_LOC_STRINGS = YES;
				SWIFT_VERSION = 5.0;
				TARGETED_DEVICE_FAMILY = "1,2";
			};
			name = Debug;
		};
		9EB22B612BA96C2500942ED0 /* Release */ = {
			isa = XCBuildConfiguration;
			buildSettings = {
				ASSETCATALOG_COMPILER_APPICON_NAME = AppIcon;
				ASSETCATALOG_COMPILER_GLOBAL_ACCENT_COLOR_NAME = AccentColor;
				CODE_SIGN_STYLE = Automatic;
				CURRENT_PROJECT_VERSION = 1;
				DEVELOPMENT_ASSET_PATHS = "\"EcoSmile/Preview Content\"";
				ENABLE_PREVIEWS = YES;
				GENERATE_INFOPLIST_FILE = YES;
				INFOPLIST_KEY_UIApplicationSceneManifest_Generation = YES;
				INFOPLIST_KEY_UIApplicationSupportsIndirectInputEvents = YES;
				INFOPLIST_KEY_UILaunchScreen_Generation = YES;
				INFOPLIST_KEY_UISupportedInterfaceOrientations_iPad = "UIInterfaceOrientationPortrait UIInterfaceOrientationPortraitUpsideDown UIInterfaceOrientationLandscapeLeft UIInterfaceOrientationLandscapeRight";
				INFOPLIST_KEY_UISupportedInterfaceOrientations_iPhone = "UIInterfaceOrientationPortrait UIInterfaceOrientationLandscapeLeft UIInterfaceOrientationLandscapeRight";
				LD_RUNPATH_SEARCH_PATHS = (
					"$(inherited)",
					"@executable_path/Frameworks",
				);
				MARKETING_VERSION = 1.0;
				PRODUCT_BUNDLE_IDENTIFIER = com.shirleykyeyune.EcoSmile;
				PRODUCT_NAME = "$(TARGET_NAME)";
				SWIFT_EMIT_LOC_STRINGS = YES;
				SWIFT_VERSION = 5.0;
				TARGETED_DEVICE_FAMILY = "1,2";
			};
			name = Release;
		};
		9EB22B632BA96C2500942ED0 /* Debug */ = {
			isa = XCBuildConfiguration;
			buildSettings = {
				ALWAYS_EMBED_SWIFT_STANDARD_LIBRARIES = YES;
				BUNDLE_LOADER = "$(TEST_HOST)";
				CODE_SIGN_STYLE = Automatic;
				CURRENT_PROJECT_VERSION = 1;
				GENERATE_INFOPLIST_FILE = YES;
				IPHONEOS_DEPLOYMENT_TARGET = 17.0;
				MARKETING_VERSION = 1.0;
				PRODUCT_BUNDLE_IDENTIFIER = com.shirleykyeyune.EcoSmileTests;
				PRODUCT_NAME = "$(TARGET_NAME)";
				SWIFT_EMIT_LOC_STRINGS = NO;
				SWIFT_VERSION = 5.0;
				TARGETED_DEVICE_FAMILY = "1,2";
				TEST_HOST = "$(BUILT_PRODUCTS_DIR)/EcoSmile.app/$(BUNDLE_EXECUTABLE_FOLDER_PATH)/EcoSmile";
			};
			name = Debug;
		};
		9EB22B642BA96C2500942ED0 /* Release */ = {
			isa = XCBuildConfiguration;
			buildSettings = {
				ALWAYS_EMBED_SWIFT_STANDARD_LIBRARIES = YES;
				BUNDLE_LOADER = "$(TEST_HOST)";
				CODE_SIGN_STYLE = Automatic;
				CURRENT_PROJECT_VERSION = 1;
				GENERATE_INFOPLIST_FILE = YES;
				IPHONEOS_DEPLOYMENT_TARGET = 17.0;
				MARKETING_VERSION = 1.0;
				PRODUCT_BUNDLE_IDENTIFIER = com.shirleykyeyune.EcoSmileTests;
				PRODUCT_NAME = "$(TARGET_NAME)";
				SWIFT_EMIT_LOC_STRINGS = NO;
				SWIFT_VERSION = 5.0;
				TARGETED_DEVICE_FAMILY = "1,2";
				TEST_HOST = "$(BUILT_PRODUCTS_DIR)/EcoSmile.app/$(BUNDLE_EXECUTABLE_FOLDER_PATH)/EcoSmile";
			};
			name = Release;
		};
		9EB22B662BA96C2500942ED0 /* Debug */ = {
			isa = XCBuildConfiguration;
			buildSettings = {
				ALWAYS_EMBED_SWIFT_STANDARD_LIBRARIES = YES;
				CODE_SIGN_STYLE = Automatic;
				CURRENT_PROJECT_VERSION = 1;
				GENERATE_INFOPLIST_FILE = YES;
				MARKETING_VERSION = 1.0;
				PRODUCT_BUNDLE_IDENTIFIER = com.shirleykyeyune.EcoSmileUITests;
				PRODUCT_NAME = "$(TARGET_NAME)";
				SWIFT_EMIT_LOC_STRINGS = NO;
				SWIFT_VERSION = 5.0;
				TARGETED_DEVICE_FAMILY = "1,2";
				TEST_TARGET_NAME = EcoSmile;
			};
			name = Debug;
		};
		9EB22B672BA96C2500942ED0 /* Release */ = {
			isa = XCBuildConfiguration;
			buildSettings = {
				ALWAYS_EMBED_SWIFT_STANDARD_LIBRARIES = YES;
				CODE_SIGN_STYLE = Automatic;
				CURRENT_PROJECT_VERSION = 1;
				GENERATE_INFOPLIST_FILE = YES;
				MARKETING_VERSION = 1.0;
				PRODUCT_BUNDLE_IDENTIFIER = com.shirleykyeyune.EcoSmileUITests;
				PRODUCT_NAME = "$(TARGET_NAME)";
				SWIFT_EMIT_LOC_STRINGS = NO;
				SWIFT_VERSION = 5.0;
				TARGETED_DEVICE_FAMILY = "1,2";
				TEST_TARGET_NAME = EcoSmile;
			};
			name = Release;
		};
/* End XCBuildConfiguration section */

/* Begin XCConfigurationList section */
		9EB22B362BA96C2300942ED0 /* Build configuration list for PBXProject "EcoSmile" */ = {
			isa = XCConfigurationList;
			buildConfigurations = (
				9EB22B5D2BA96C2500942ED0 /* Debug */,
				9EB22B5E2BA96C2500942ED0 /* Release */,
			);
			defaultConfigurationIsVisible = 0;
			defaultConfigurationName = Release;
		};
		9EB22B5F2BA96C2500942ED0 /* Build configuration list for PBXNativeTarget "EcoSmile" */ = {
			isa = XCConfigurationList;
			buildConfigurations = (
				9EB22B602BA96C2500942ED0 /* Debug */,
				9EB22B612BA96C2500942ED0 /* Release */,
			);
			defaultConfigurationIsVisible = 0;
			defaultConfigurationName = Release;
		};
		9EB22B622BA96C2500942ED0 /* Build configuration list for PBXNativeTarget "EcoSmileTests" */ = {
			isa = XCConfigurationList;
			buildConfigurations = (
				9EB22B632BA96C2500942ED0 /* Debug */,
				9EB22B642BA96C2500942ED0 /* Release */,
			);
			defaultConfigurationIsVisible = 0;
			defaultConfigurationName = Release;
		};
		9EB22B652BA96C2500942ED0 /* Build configuration list for PBXNativeTarget "EcoSmileUITests" */ = {
			isa = XCConfigurationList;
			buildConfigurations = (
				9EB22B662BA96C2500942ED0 /* Debug */,
				9EB22B672BA96C2500942ED0 /* Release */,
			);
			defaultConfigurationIsVisible = 0;
			defaultConfigurationName = Release;
		};
/* End XCConfigurationList section */
	};
	rootObject = 9EB22B332BA96C2300942ED0 /* Project object */;
}
